
Microsoft Visual Studio Solution File, Format Version 12.00
# Visual Studio 2010
Project("{FAE04EC0-301F-11D3-BF4B-00C04F79EFBC}") = "WechatLibrary", "WechatLibrary\WechatLibrary.Net40.csproj", "{714FC665-0542-4E2E-AEF9-44F4B60A0384}"
EndProject
Project("{7CF6DF6D-3B04-46F8-A40B-537D21BCA0B4}") = "WechatLibrary.Documentation", "WechatLibrary.Documentation\WechatLibrary.Documentation.Net40.shfbproj", "{9CC94521-A477-4606-82F9-FFF073459FD5}"
EndProject
Global
	GlobalSection(SolutionConfigurationPlatforms) = preSolution
		Debug|Any CPU = Debug|Any CPU
		Release|Any CPU = Release|Any CPU
	EndGlobalSection
	GlobalSection(ProjectConfigurationPlatforms) = postSolution
		{714FC665-0542-4E2E-AEF9-44F4B60A0384}.Debug|Any CPU.ActiveCfg = Debug|Any CPU
		{714FC665-0542-4E2E-AEF9-44F4B60A0384}.Debug|Any CPU.Build.0 = Debug|Any CPU
		{714FC665-0542-4E2E-AEF9-44F4B60A0384}.Release|Any CPU.ActiveCfg = Release|Any CPU
		{714FC665-0542-4E2E-AEF9-44F4B60A0384}.Release|Any CPU.Build.0 = Release|Any CPU
		{9CC94521-A477-4606-82F9-FFF073459FD5}.Debug|Any CPU.ActiveCfg = Debug|Any CPU
		{9CC94521-A477-4606-82F9-FFF073459FD5}.Debug|Any CPU.Build.0 = Debug|Any CPU
		{9CC94521-A477-4606-82F9-FFF073459FD5}.Release|Any CPU.ActiveCfg = Release|Any CPU
		{9CC94521-A477-4606-82F9-FFF073459FD5}.Release|Any CPU.Build.0 = Release|Any CPU
	EndGlobalSection
	GlobalSection(SolutionProperties) = preSolution
		HideSolutionNode = FALSE
	EndGlobalSection
EndGlobal
